{
    "_readme": [
        "This file locks the dependencies of your project to a known state",
        "Read more about it at http://getcomposer.org/doc/01-basic-usage.md#composer-lock-the-lock-file",
        "This file is @generated automatically"
    ],
    "hash": "c071fcf9e228483c3f6a733ec892818e",
    "packages": [
        {
            "name": "erusev/parsedown",
            "version": "1.1.4",
            "source": {
                "type": "git",
                "url": "https://github.com/erusev/parsedown.git",
                "reference": "495e7ac73bb5fde6b857b88ff2bb1b5e79a4263a"
            },
            "dist": {
                "type": "zip",
                "url": "https://api.github.com/repos/erusev/parsedown/zipball/495e7ac73bb5fde6b857b88ff2bb1b5e79a4263a",
                "reference": "495e7ac73bb5fde6b857b88ff2bb1b5e79a4263a",
                "shasum": ""
            },
            "type": "library",
            "autoload": {
                "psr-0": {
                    "Parsedown": ""
                }
            },
            "notification-url": "https://packagist.org/downloads/",
            "license": [
                "MIT"
            ],
            "authors": [
                {
                    "name": "Emanuil Rusev",
                    "email": "hello@erusev.com",
                    "homepage": "http://erusev.com"
                }
            ],
            "description": "Parser for Markdown.",
            "homepage": "http://parsedown.org",
            "keywords": [
                "markdown",
                "parser"
            ],
            "time": "2014-11-29 02:29:14"
        },
        {
            "name": "psr/log",
            "version": "1.0.0",
            "source": {
                "type": "git",
                "url": "https://github.com/php-fig/log.git",
                "reference": "fe0936ee26643249e916849d48e3a51d5f5e278b"
            },
            "dist": {
                "type": "zip",
                "url": "https://api.github.com/repos/php-fig/log/zipball/fe0936ee26643249e916849d48e3a51d5f5e278b",
                "reference": "fe0936ee26643249e916849d48e3a51d5f5e278b",
                "shasum": ""
            },
            "type": "library",
            "autoload": {
                "psr-0": {
                    "Psr\\Log\\": ""
                }
            },
            "notification-url": "https://packagist.org/downloads/",
            "license": [
                "MIT"
            ],
            "authors": [
                {
                    "name": "PHP-FIG",
                    "homepage": "http://www.php-fig.org/"
                }
            ],
            "description": "Common interface for logging libraries",
            "keywords": [
                "log",
                "psr",
                "psr-3"
            ],
            "time": "2012-12-21 11:40:51"
        },
        {
            "name": "titon/app",
            "version": "0.2.0",
            "source": {
                "type": "git",
                "url": "https://github.com/titon/app.git",
                "reference": "3cedb1092a4fd1df2b55c3b57973c4478d59fa23"
            },
            "dist": {
                "type": "zip",
                "url": "https://api.github.com/repos/titon/app/zipball/3cedb1092a4fd1df2b55c3b57973c4478d59fa23",
                "reference": "3cedb1092a4fd1df2b55c3b57973c4478d59fa23",
                "shasum": ""
            },
            "require": {
                "psr/log": "*",
                "titon/cache": "*",
                "titon/debug": "*",
                "titon/env": "*",
                "titon/g11n": "*",
                "titon/mvc": "*"
            },
            "type": "library",
            "autoload": {
                "psr-4": {
                    "": "modules/"
                }
            },
            "notification-url": "https://packagist.org/downloads/",
            "license": [
                "BSD-2"
            ],
            "authors": [
                {
                    "name": "Miles Johnson",
                    "homepage": "http://milesj.me"
                }
            ],
            "description": "A skeleton application that conforms to the directory structure and library hierarchy suggested by the Titon framework.",
            "homepage": "http://titon.io",
            "keywords": [
                "Skeleton",
                "app",
                "application",
                "titon"
            ],
            "time": "2014-02-24 06:46:12"
        },
        {
            "name": "titon/cache",
            "version": "0.8.1",
            "source": {
                "type": "git",
                "url": "https://github.com/titon/cache.git",
                "reference": "90b991d64ec027c4044acbec8a187c44e19565dc"
            },
            "dist": {
                "type": "zip",
                "url": "https://api.github.com/repos/titon/cache/zipball/90b991d64ec027c4044acbec8a187c44e19565dc",
                "reference": "90b991d64ec027c4044acbec8a187c44e19565dc",
                "shasum": ""
            },
            "require": {
                "php": ">=5.4.0",
                "titon/common": "*"
            },
            "require-dev": {
                "titon/db": "*",
                "titon/io": "*",
                "titon/test": "dev-master"
            },
            "suggest": {
                "titon/io": "Use IO File for FileSystemStorage"
            },
            "type": "library",
            "autoload": {
                "psr-0": {
                    "Titon\\Cache": "src/"
                }
            },
            "notification-url": "https://packagist.org/downloads/",
            "license": [
                "BSD-2"
            ],
            "authors": [
                {
                    "name": "Miles Johnson",
                    "homepage": "http://milesj.me"
                }
            ],
            "description": "The Titon cache package provides a data caching layer that supports multiple storage engines.",
            "homepage": "http://titon.io",
            "keywords": [
                "apc",
                "cache",
                "memcache",
                "memory",
                "redis",
                "storage",
                "titon",
                "wincache",
                "xcache"
            ],
            "time": "2014-03-21 06:17:06"
        },
        {
            "name": "titon/common",
            "version": "0.13.2",
            "source": {
                "type": "git",
                "url": "https://github.com/titon/common.git",
                "reference": "c876f8dbd27dba9c98f3eb4674380260b8f15760"
            },
            "dist": {
                "type": "zip",
                "url": "https://api.github.com/repos/titon/common/zipball/c876f8dbd27dba9c98f3eb4674380260b8f15760",
                "reference": "c876f8dbd27dba9c98f3eb4674380260b8f15760",
                "shasum": ""
            },
            "require": {
                "php": ">=5.4.0",
                "titon/utility": "*"
            },
            "require-dev": {
                "titon/io": "*",
                "titon/test": "dev-master"
            },
            "suggest": {
                "titon/io": "Use IO Readers to load configuration files"
            },
            "type": "library",
            "autoload": {
                "psr-0": {
                    "Titon\\Common": "src/"
                },
                "files": [
                    "src/bootstrap.php"
                ]
            },
            "notification-url": "https://packagist.org/downloads/",
            "license": [
                "BSD-2"
            ],
            "authors": [
                {
                    "name": "Miles Johnson",
                    "homepage": "http://milesj.me"
                }
            ],
            "description": "The Titon common package provides global functionality like class traits and augmentation as well as dependency and configuration management.",
            "homepage": "http://titon.io",
            "keywords": [
                "augments",
                "base",
                "common",
                "config",
                "container",
                "dependency",
                "registry",
                "titon",
                "traits"
            ],
            "time": "2014-02-22 23:42:34"
        },
        {
            "name": "titon/controller",
            "version": "0.4.3",
            "source": {
                "type": "git",
                "url": "https://github.com/titon/controller.git",
                "reference": "8990f32e17ed4631eb7a5b6d8ff4afa1d9d5c297"
            },
            "dist": {
                "type": "zip",
                "url": "https://api.github.com/repos/titon/controller/zipball/8990f32e17ed4631eb7a5b6d8ff4afa1d9d5c297",
                "reference": "8990f32e17ed4631eb7a5b6d8ff4afa1d9d5c297",
                "shasum": ""
            },
            "require": {
                "php": ">=5.4.0",
                "titon/common": "*",
                "titon/event": "*",
                "titon/http": "*"
            },
            "require-dev": {
                "titon/test": "dev-master",
                "titon/view": "*"
            },
            "suggest": {
                "titon/view": "Enable the View to render templates"
            },
            "type": "library",
            "autoload": {
                "psr-0": {
                    "Titon\\Controller": "src/"
                }
            },
            "notification-url": "https://packagist.org/downloads/",
            "license": [
                "BSD-2"
            ],
            "authors": [
                {
                    "name": "Miles Johnson",
                    "homepage": "http://milesj.me"
                }
            ],
            "description": "The Titon controller package provides controllers and actions to handle the HTTP request and response.",
            "homepage": "http://titon.io",
            "keywords": [
                "action",
                "controller",
                "cycle",
                "request",
                "response",
                "titon"
            ],
            "time": "2014-02-24 05:37:38"
        },
        {
            "name": "titon/db",
            "version": "0.11.2",
            "source": {
                "type": "git",
                "url": "https://github.com/titon/db.git",
                "reference": "db8280f6af42cad128e9964e7f3f22f2120d9af1"
            },
            "dist": {
                "type": "zip",
                "url": "https://api.github.com/repos/titon/db/zipball/db8280f6af42cad128e9964e7f3f22f2120d9af1",
                "reference": "db8280f6af42cad128e9964e7f3f22f2120d9af1",
                "shasum": ""
            },
            "require": {
                "ext-pdo": "*",
                "php": ">=5.4.0",
                "titon/common": "*",
                "titon/event": "*",
                "titon/type": "*"
            },
            "require-dev": {
                "psr/log": "*",
                "titon/cache": "*",
                "titon/debug": "*",
                "titon/test": "dev-master"
            },
            "suggest": {
                "psr/log": "Log queries using a Logger",
                "titon/cache": "Cache query results using a Storage engine",
                "titon/db-mongodb": "Enable MongoDB database access",
                "titon/db-mysql": "Enable MySQL database access",
                "titon/db-postgresql": "Enable PostgreSQL database access",
                "titon/db-sqlite": "Enable SQLite database access"
            },
            "type": "library",
            "autoload": {
                "psr-0": {
                    "Titon\\Db": "src/"
                }
            },
            "notification-url": "https://packagist.org/downloads/",
            "license": [
                "BSD-2"
            ],
            "authors": [
                {
                    "name": "Miles Johnson",
                    "homepage": "http://milesj.me"
                }
            ],
            "description": "The Titon database package provides a basic database abstraction layer and an object relational mapper.",
            "homepage": "http://titon.io",
            "keywords": [
                "Connection",
                "clause",
                "database",
                "db",
                "dialect",
                "driver",
                "entity",
                "predicate",
                "query",
                "relation",
                "schema",
                "titon",
                "type"
            ],
            "time": "2014-02-24 05:49:50"
        },
        {
            "name": "titon/debug",
            "version": "0.6.6",
            "source": {
                "type": "git",
                "url": "https://github.com/titon/debug.git",
                "reference": "619a846ab26fabb8e52e57938b8f5903b50d152b"
            },
            "dist": {
                "type": "zip",
                "url": "https://api.github.com/repos/titon/debug/zipball/619a846ab26fabb8e52e57938b8f5903b50d152b",
                "reference": "619a846ab26fabb8e52e57938b8f5903b50d152b",
                "shasum": ""
            },
            "require": {
                "php": ">=5.3.0",
                "titon/utility": "*"
            },
            "require-dev": {
                "psr/log": "*",
                "titon/test": "dev-master"
            },
            "suggest": {
                "psr/log": "Enable the PSR Log package to log errors and exceptions"
            },
            "type": "library",
            "autoload": {
                "psr-0": {
                    "Titon\\Debug": "src/"
                },
                "files": [
                    "src/bootstrap.php"
                ]
            },
            "notification-url": "https://packagist.org/downloads/",
            "license": [
                "BSD-2"
            ],
            "authors": [
                {
                    "name": "Miles Johnson",
                    "homepage": "http://milesj.me"
                }
            ],
            "description": "The Titon debug package provides debugging and advanced error and exception handling.",
            "homepage": "http://titon.io",
            "keywords": [
                "debug",
                "error",
                "exception",
                "handler",
                "log",
                "titon"
            ],
            "time": "2014-02-04 07:59:26"
        },
        {
            "name": "titon/env",
            "version": "0.11.0",
            "source": {
                "type": "git",
                "url": "https://github.com/titon/env.git",
                "reference": "03956d2df00f72019437ac086ed897a083f13446"
            },
            "dist": {
                "type": "zip",
                "url": "https://api.github.com/repos/titon/env/zipball/03956d2df00f72019437ac086ed897a083f13446",
                "reference": "03956d2df00f72019437ac086ed897a083f13446",
                "shasum": ""
            },
            "require": {
                "php": ">=5.4.0",
                "titon/common": "*",
                "titon/event": "*"
            },
            "require-dev": {
                "titon/test": "dev-master"
            },
            "type": "library",
            "autoload": {
                "psr-0": {
                    "Titon\\Environment": "src/"
                }
            },
            "notification-url": "https://packagist.org/downloads/",
            "license": [
                "BSD-2"
            ],
            "authors": [
                {
                    "name": "Miles Johnson",
                    "homepage": "http://milesj.me"
                }
            ],
            "description": "The Titon environment package provides multiple environment configuration and bootstrapping support.",
            "homepage": "http://titon.io",
            "keywords": [
                "environment",
                "host",
                "titon"
            ],
            "time": "2014-02-16 23:18:31"
        },
        {
            "name": "titon/event",
            "version": "0.4.4",
            "source": {
                "type": "git",
                "url": "https://github.com/titon/event.git",
                "reference": "d1b110e174c1fd12cd2b756cb26d6bace14a800d"
            },
            "dist": {
                "type": "zip",
                "url": "https://api.github.com/repos/titon/event/zipball/d1b110e174c1fd12cd2b756cb26d6bace14a800d",
                "reference": "d1b110e174c1fd12cd2b756cb26d6bace14a800d",
                "shasum": ""
            },
            "require": {
                "php": ">=5.3.0"
            },
            "require-dev": {
                "titon/test": "dev-master"
            },
            "type": "library",
            "autoload": {
                "psr-0": {
                    "Titon\\Event": "src/"
                }
            },
            "notification-url": "https://packagist.org/downloads/",
            "license": [
                "BSD-2"
            ],
            "authors": [
                {
                    "name": "Miles Johnson",
                    "homepage": "http://milesj.me"
                }
            ],
            "description": "The Titon event package provides functionality for notifying a list of objects during an event.",
            "homepage": "http://titon.io",
            "keywords": [
                "emitter",
                "event",
                "listener",
                "notify",
                "observer",
                "propagation",
                "subscriber",
                "titon"
            ],
            "time": "2014-02-13 04:58:29"
        },
        {
            "name": "titon/g11n",
            "version": "0.11.4",
            "source": {
                "type": "git",
                "url": "https://github.com/titon/g11n.git",
                "reference": "4b3192055c868167f557b7fb58c37ea620de8df3"
            },
            "dist": {
                "type": "zip",
                "url": "https://api.github.com/repos/titon/g11n/zipball/4b3192055c868167f557b7fb58c37ea620de8df3",
                "reference": "4b3192055c868167f557b7fb58c37ea620de8df3",
                "shasum": ""
            },
            "require": {
                "ext-intl": "*",
                "ext-mbstring": "*",
                "php": ">=5.4.0",
                "titon/common": "*",
                "titon/event": "*",
                "titon/io": "*"
            },
            "require-dev": {
                "titon/cache": "*",
                "titon/route": "*",
                "titon/test": "dev-master"
            },
            "suggest": {
                "ext-gettext": "Enable the gettext extension for locale bundling",
                "titon/cache": "Use a Storage engine to cache message bundles"
            },
            "type": "library",
            "autoload": {
                "psr-0": {
                    "Titon\\G11n": "src/"
                },
                "files": [
                    "src/bootstrap.php"
                ]
            },
            "notification-url": "https://packagist.org/downloads/",
            "license": [
                "BSD-2"
            ],
            "authors": [
                {
                    "name": "Miles Johnson",
                    "homepage": "http://milesj.me"
                }
            ],
            "description": "The Titon g11n package handles the localization and internationalization of your application.",
            "homepage": "http://titon.io",
            "keywords": [
                "g11n",
                "i18n",
                "intl",
                "l10n",
                "locale",
                "message",
                "titon",
                "translate"
            ],
            "time": "2014-02-17 00:00:13"
        },
        {
            "name": "titon/http",
            "version": "0.8.2",
            "source": {
                "type": "git",
                "url": "https://github.com/titon/http.git",
                "reference": "2f461f7997f024219d50cc609c2683407ead1ded"
            },
            "dist": {
                "type": "zip",
                "url": "https://api.github.com/repos/titon/http/zipball/2f461f7997f024219d50cc609c2683407ead1ded",
                "reference": "2f461f7997f024219d50cc609c2683407ead1ded",
                "shasum": ""
            },
            "require": {
                "ext-mbstring": "*",
                "php": ">=5.4.0",
                "titon/common": "*"
            },
            "require-dev": {
                "titon/cache": "*",
                "titon/test": "dev-master"
            },
            "suggest": {
                "titon/cache": "Use a Storage engine to cache sessions"
            },
            "type": "library",
            "autoload": {
                "psr-0": {
                    "Titon\\Http": "src/"
                }
            },
            "notification-url": "https://packagist.org/downloads/",
            "license": [
                "BSD-2"
            ],
            "authors": [
                {
                    "name": "Miles Johnson",
                    "homepage": "http://milesj.me"
                }
            ],
            "description": "The Titon HTTP package provides classes for interacting with sessions, cookies and the request and response.",
            "homepage": "http://titon.io",
            "keywords": [
                "adapter",
                "cookie",
                "handler",
                "http",
                "mime",
                "net",
                "request",
                "response",
                "session",
                "titon"
            ],
            "time": "2014-02-16 23:54:17"
        },
        {
            "name": "titon/io",
            "version": "0.7.2",
            "source": {
                "type": "git",
                "url": "https://github.com/titon/io.git",
                "reference": "8586fa414548dc88d9ffb550532c8ba9e3394b91"
            },
            "dist": {
                "type": "zip",
                "url": "https://api.github.com/repos/titon/io/zipball/8586fa414548dc88d9ffb550532c8ba9e3394b91",
                "reference": "8586fa414548dc88d9ffb550532c8ba9e3394b91",
                "shasum": ""
            },
            "require": {
                "ext-fileinfo": "*",
                "ext-mbstring": "*",
                "php": ">=5.4.0",
                "titon/common": "*"
            },
            "require-dev": {
                "ext-simplexml": "*",
                "titon/test": "dev-master"
            },
            "suggest": {
                "ext-gettext": "Use the gettext extension to read/write PO files",
                "ext-simplexml": "Use the simplexml extension to read/write XML files",
                "ext-yaml": "Use the yaml extension to read/write YAML files"
            },
            "type": "library",
            "autoload": {
                "psr-0": {
                    "Titon\\Io": "src/"
                }
            },
            "notification-url": "https://packagist.org/downloads/",
            "license": [
                "BSD-2"
            ],
            "authors": [
                {
                    "name": "Miles Johnson",
                    "homepage": "http://milesj.me"
                }
            ],
            "description": "The Titon IO package provides classes that handle file manipulation and resource bundling.",
            "homepage": "http://titon.io",
            "keywords": [
                "bundle",
                "file",
                "folder",
                "io",
                "reader",
                "resource",
                "titon"
            ],
            "time": "2014-02-16 23:29:40"
        },
        {
            "name": "titon/model",
            "version": "0.3.2",
            "source": {
                "type": "git",
                "url": "https://github.com/titon/model.git",
                "reference": "c519edf7059da992055c5b75e6c61d9a2a2e89a1"
            },
            "dist": {
                "type": "zip",
                "url": "https://api.github.com/repos/titon/model/zipball/c519edf7059da992055c5b75e6c61d9a2a2e89a1",
                "reference": "c519edf7059da992055c5b75e6c61d9a2a2e89a1",
                "shasum": ""
            },
            "require": {
                "php": ">=5.4.0",
                "titon/db": "*"
            },
            "require-dev": {
                "titon/db-mongodb": "*",
                "titon/db-mysql": "*",
                "titon/db-postgresql": "*",
                "titon/db-sqlite": "*",
                "titon/test": "dev-master"
            },
            "type": "library",
            "autoload": {
                "psr-0": {
                    "Titon\\Model": "src/"
                }
            },
            "notification-url": "https://packagist.org/downloads/",
            "license": [
                "BSD-2"
            ],
            "authors": [
                {
                    "name": "Miles Johnson",
                    "homepage": "http://milesj.me"
                }
            ],
            "description": "The Titon model package provides an active record style approach to database CRUD functionality.",
            "homepage": "http://titon.io",
            "keywords": [
                "active",
                "model",
                "orm",
                "record",
                "relation",
                "titon",
                "validation"
            ],
            "time": "2014-02-24 06:15:16"
        },
        {
            "name": "titon/mvc",
            "version": "0.11.1",
            "source": {
                "type": "git",
                "url": "https://github.com/titon/mvc.git",
                "reference": "8a1327ee4210218dc46906a2a80d6da7f25b2fa0"
            },
            "dist": {
                "type": "zip",
                "url": "https://api.github.com/repos/titon/mvc/zipball/8a1327ee4210218dc46906a2a80d6da7f25b2fa0",
                "reference": "8a1327ee4210218dc46906a2a80d6da7f25b2fa0",
                "shasum": ""
            },
            "require": {
                "php": ">=5.4.0",
                "titon/controller": "*",
                "titon/model": "*",
                "titon/route": "*",
                "titon/view": "*"
            },
            "require-dev": {
                "titon/debug": "*",
                "titon/test": "dev-master"
            },
            "suggest": {
                "titon/debug": "Enable the Debugger for error and exception handling"
            },
            "type": "library",
            "autoload": {
                "psr-0": {
                    "Titon\\Mvc": "src/"
                }
            },
            "notification-url": "https://packagist.org/downloads/",
            "license": [
                "BSD-2"
            ],
            "authors": [
                {
                    "name": "Miles Johnson",
                    "homepage": "http://milesj.me"
                }
            ],
            "description": "The Titon MVC package adds support for the Model-View-Controller paradigm by packaging the external Model, View, Controller and Route packages into a single package. This single MVC package has full application support.",
            "homepage": "http://titon.io",
            "keywords": [
                "app",
                "application",
                "controller",
                "cycle",
                "dispatch",
                "dispatcher",
                "model",
                "module",
                "request",
                "response",
                "route",
                "titon",
                "view"
            ],
            "time": "2014-02-25 07:48:53"
        },
        {
            "name": "titon/route",
            "version": "0.14.1",
            "source": {
                "type": "git",
                "url": "https://github.com/titon/route.git",
                "reference": "f3784e99b53a633e4a5442a2e75fecc962f8e5b2"
            },
            "dist": {
                "type": "zip",
                "url": "https://api.github.com/repos/titon/route/zipball/f3784e99b53a633e4a5442a2e75fecc962f8e5b2",
                "reference": "f3784e99b53a633e4a5442a2e75fecc962f8e5b2",
                "shasum": ""
            },
            "require": {
                "php": ">=5.4.0",
                "titon/common": "*",
                "titon/event": "*"
            },
            "require-dev": {
                "titon/test": "dev-master"
            },
            "type": "library",
            "autoload": {
                "psr-0": {
                    "Titon\\Route": "src/"
                },
                "files": [
                    "src/bootstrap.php"
                ]
            },
            "notification-url": "https://packagist.org/downloads/",
            "license": [
                "BSD-2"
            ],
            "authors": [
                {
                    "name": "Miles Johnson",
                    "homepage": "http://milesj.me"
                }
            ],
            "description": "The Titon route package adds support for dynamic route handling and mapping.",
            "homepage": "http://titon.io",
            "keywords": [
                "map",
                "route",
                "router",
                "titon",
                "url"
            ],
            "time": "2014-03-21 07:05:21"
        },
        {
            "name": "titon/toolkit",
            "version": "2.0.2",
            "source": {
                "type": "git",
                "url": "https://github.com/titon/toolkit.git",
                "reference": "ded0f8083b5dffbbe19415537efcc882e95281c2"
            },
            "dist": {
                "type": "zip",
                "url": "https://api.github.com/repos/titon/toolkit/zipball/ded0f8083b5dffbbe19415537efcc882e95281c2",
                "reference": "ded0f8083b5dffbbe19415537efcc882e95281c2",
                "shasum": ""
            },
            "type": "library",
            "notification-url": "https://packagist.org/downloads/",
            "license": [
                "BSD-3"
            ],
            "authors": [
                {
                    "name": "Miles Johnson",
                    "homepage": "http://milesj.me"
                }
            ],
            "description": "A collection of extensible front-end UI components and behaviors for the responsive and mobile web.",
            "homepage": "http://titon.io",
            "keywords": [
                "behaviors",
                "bootstrap",
                "component",
                "css",
                "fluid",
                "framework",
                "interface",
                "javascript",
                "jquery",
                "mobile",
                "modular",
                "responsive",
                "sass",
                "scss",
                "titon",
                "toolkit",
                "ui"
            ],
            "time": "2014-12-17 20:46:02"
        },
        {
            "name": "titon/type",
            "version": "0.9.2",
            "source": {
                "type": "git",
                "url": "https://github.com/titon/type.git",
                "reference": "26ed5d3119012021e4de554f0992bed98c6a5f59"
            },
            "dist": {
                "type": "zip",
                "url": "https://api.github.com/repos/titon/type/zipball/26ed5d3119012021e4de554f0992bed98c6a5f59",
                "reference": "26ed5d3119012021e4de554f0992bed98c6a5f59",
                "shasum": ""
            },
            "require": {
                "ext-mbstring": "*",
                "php": ">=5.3.0",
                "titon/utility": "*"
            },
            "require-dev": {
                "titon/test": "dev-master"
            },
            "type": "library",
            "autoload": {
                "psr-0": {
                    "Titon\\Type": "src/"
                },
                "files": [
                    "src/bootstrap.php"
                ]
            },
            "notification-url": "https://packagist.org/downloads/",
            "license": [
                "BSD-2"
            ],
            "authors": [
                {
                    "name": "Miles Johnson",
                    "homepage": "http://milesj.me"
                }
            ],
            "description": "The Titon type package provides class like structure and advanced functionality for arrays, strings, objects and enums.",
            "homepage": "http://titon.io",
            "keywords": [
                "enum",
                "map",
                "object",
                "string",
                "titon",
                "type"
            ],
            "time": "2014-02-28 05:44:00"
        },
        {
            "name": "titon/utility",
            "version": "0.12.3",
            "source": {
                "type": "git",
                "url": "https://github.com/titon/utility.git",
                "reference": "72dbfa190cf02780b33da6579fd34717ce672766"
            },
            "dist": {
                "type": "zip",
                "url": "https://api.github.com/repos/titon/utility/zipball/72dbfa190cf02780b33da6579fd34717ce672766",
                "reference": "72dbfa190cf02780b33da6579fd34717ce672766",
                "shasum": ""
            },
            "require": {
                "ext-mbstring": "*",
                "php": ">=5.3.0"
            },
            "require-dev": {
                "ext-fileinfo": "*",
                "ext-mcrypt": "*",
                "ext-simplexml": "*",
                "titon/test": "*"
            },
            "suggest": {
                "ext-fileinfo": "Validate file mime types with the Validate class",
                "ext-mcrypt": "Encrypt and decrypt data with the Crypt class",
                "ext-simplexml": "Convert XML to other file types with the Converter class"
            },
            "type": "library",
            "autoload": {
                "psr-0": {
                    "Titon\\Utility": "src/"
                },
                "files": [
                    "src/bootstrap.php"
                ]
            },
            "notification-url": "https://packagist.org/downloads/",
            "license": [
                "BSD-2"
            ],
            "authors": [
                {
                    "name": "Miles Johnson",
                    "homepage": "http://milesj.me"
                }
            ],
            "description": "The Titon utility package provides convenience classes for basic tasks like validation, formatting, sanitization and more.",
            "homepage": "http://titon.io",
            "keywords": [
                "converter",
                "crypt",
                "format",
                "hash",
                "inflector",
                "number",
                "path",
                "sanitize",
                "string",
                "time",
                "titon",
                "utility",
                "uuid",
                "validate"
            ],
            "time": "2014-02-17 23:58:28"
        },
        {
            "name": "titon/view",
            "version": "0.8.1",
            "source": {
                "type": "git",
                "url": "https://github.com/titon/view.git",
                "reference": "fd36c2b5f455466b5e075f35a992391049a80556"
            },
            "dist": {
                "type": "zip",
                "url": "https://api.github.com/repos/titon/view/zipball/fd36c2b5f455466b5e075f35a992391049a80556",
                "reference": "fd36c2b5f455466b5e075f35a992391049a80556",
                "shasum": ""
            },
            "require": {
                "php": ">=5.4.0",
                "titon/common": "*",
                "titon/event": "*"
            },
            "require-dev": {
                "titon/cache": "*",
                "titon/http": "*",
                "titon/io": "*",
                "titon/route": "*",
                "titon/test": "dev-master"
            },
            "suggest": {
                "titon/cache": "Cache templates using a Storage engine",
                "titon/route": "Use the Router for URL building"
            },
            "type": "library",
            "autoload": {
                "psr-0": {
                    "Titon\\View": "src/"
                }
            },
            "notification-url": "https://packagist.org/downloads/",
            "license": [
                "BSD-2"
            ],
            "authors": [
                {
                    "name": "Miles Johnson",
                    "homepage": "http://milesj.me"
                }
            ],
            "description": "The Titon view package provides template handling with the use of a rendering engine and helpers.",
            "homepage": "http://titon.io",
            "keywords": [
                "engine",
                "helper",
                "renderer",
                "template",
                "titon",
                "view"
            ],
            "time": "2014-03-16 01:30:06"
        }
    ],
    "packages-dev": [],
    "aliases": [],
    "minimum-stability": "stable",
    "stability-flags": [],
    "prefer-stable": false,
    "prefer-lowest": false,
    "platform": [],
    "platform-dev": []
}
